{
  "name": "web",
  "lockfileVersion": 3,
  "requires": true,
  "packages": {
    "": {
      "dependencies": {
        "servor": "^4.0.2"
      },
      "devDependencies": {
        "servor": "4.0.0"
      }
    },
    "node_modules/servor": {
      "version": "4.0.0",
      "resolved": "https://registry.npmjs.org/servor/-/servor-4.0.0.tgz",
      "integrity": "sha512-gwo8+HP/9IYa8t7eYAjCSr2lgKQrFP4ESidiyKI1NiTkpYsJOylc/XtnCFa+NUnVp3BSKkvsIY1cTHvsFB611Q==",
      "dev": true,
      "license": "MIT",
      "bin": {
        "servor": "cli.js"
      }
    }
  }
}
